version = 1
revision = 3
requires-python = "==3.10.*"

[manifest]
members = [
    "cancellation-task-stim-and-analysis-pipeline",
    "python-version",
]

[[package]]
name = "cancellation-task-stim-and-analysis-pipeline"
version = "0.1.0"
source = { virtual = "." }

[package.metadata]

[package.metadata.requires-dev]
dev = []

[[package]]
name = "python-version"
version = "0.1.0"
source = { virtual = "experiment/python_version" }
